{"filter":false,"title":"Gemfile.lock","tooltip":"/Gemfile.lock","undoManager":{"mark":-1,"position":-1,"stack":[]},"ace":{"folds":[],"scrolltop":4663,"scrollleft":0,"selection":{"start":{"row":323,"column":2},"end":{"row":323,"column":26},"isBackwards":true},"options":{"guessTabSize":true,"useWrapMode":false,"wrapToView":true},"firstLineState":{"row":309,"state":"start","mode":"ace/mode/text"}},"timestamp":1486484535014,"hash":"87b8dec17d631c0dc7531bc06008bbc988b4087c"}