{"filter":false,"title":"Gemfile.lock","tooltip":"/Gemfile.lock","undoManager":{"mark":-1,"position":-1,"stack":[[{"start":{"row":243,"column":1},"end":{"row":243,"column":2},"action":"insert","lines":["e"],"id":3}],[{"start":{"row":243,"column":0},"end":{"row":243,"column":1},"action":"insert","lines":["g"],"id":2}]]},"ace":{"folds":[],"scrolltop":3489,"scrollleft":0,"selection":{"start":{"row":243,"column":0},"end":{"row":243,"column":0},"isBackwards":false},"options":{"guessTabSize":true,"useWrapMode":false,"wrapToView":true},"firstLineState":{"row":231,"state":"start","mode":"ace/mode/text"}},"timestamp":1486484535014,"hash":"61629c140a4e0c29c0689f18938793983905ed7e"}